
Microsoft Visual Studio Solution File, Format Version 12.00
# Visual Studio 2012
Project("{262852C6-CD72-467D-83FE-5EEB1973A190}") = "DemoNavigation1", "DemoNavigation1\DemoNavigation1.jsproj", "{F68C6785-AD4D-4C09-A59B-FCC0B1BBDB78}"
EndProject
Global
	GlobalSection(SolutionConfigurationPlatforms) = preSolution
		Debug|Any CPU = Debug|Any CPU
		Debug|ARM = Debug|ARM
		Debug|x64 = Debug|x64
		Debug|x86 = Debug|x86
		Release|Any CPU = Release|Any CPU
		Release|ARM = Release|ARM
		Release|x64 = Release|x64
		Release|x86 = Release|x86
	EndGlobalSection
	GlobalSection(ProjectConfigurationPlatforms) = postSolution
		{F68C6785-AD4D-4C09-A59B-FCC0B1BBDB78}.Debug|Any CPU.ActiveCfg = Debug|Any CPU
		{F68C6785-AD4D-4C09-A59B-FCC0B1BBDB78}.Debug|Any CPU.Build.0 = Debug|Any CPU
		{F68C6785-AD4D-4C09-A59B-FCC0B1BBDB78}.Debug|Any CPU.Deploy.0 = Debug|Any CPU
		{F68C6785-AD4D-4C09-A59B-FCC0B1BBDB78}.Debug|ARM.ActiveCfg = Debug|ARM
		{F68C6785-AD4D-4C09-A59B-FCC0B1BBDB78}.Debug|ARM.Build.0 = Debug|ARM
		{F68C6785-AD4D-4C09-A59B-FCC0B1BBDB78}.Debug|ARM.Deploy.0 = Debug|ARM
		{F68C6785-AD4D-4C09-A59B-FCC0B1BBDB78}.Debug|x64.ActiveCfg = Debug|x64
		{F68C6785-AD4D-4C09-A59B-FCC0B1BBDB78}.Debug|x64.Build.0 = Debug|x64
		{F68C6785-AD4D-4C09-A59B-FCC0B1BBDB78}.Debug|x64.Deploy.0 = Debug|x64
		{F68C6785-AD4D-4C09-A59B-FCC0B1BBDB78}.Debug|x86.ActiveCfg = Debug|x86
		{F68C6785-AD4D-4C09-A59B-FCC0B1BBDB78}.Debug|x86.Build.0 = Debug|x86
		{F68C6785-AD4D-4C09-A59B-FCC0B1BBDB78}.Debug|x86.Deploy.0 = Debug|x86
		{F68C6785-AD4D-4C09-A59B-FCC0B1BBDB78}.Release|Any CPU.ActiveCfg = Release|Any CPU
		{F68C6785-AD4D-4C09-A59B-FCC0B1BBDB78}.Release|Any CPU.Build.0 = Release|Any CPU
		{F68C6785-AD4D-4C09-A59B-FCC0B1BBDB78}.Release|Any CPU.Deploy.0 = Release|Any CPU
		{F68C6785-AD4D-4C09-A59B-FCC0B1BBDB78}.Release|ARM.ActiveCfg = Release|ARM
		{F68C6785-AD4D-4C09-A59B-FCC0B1BBDB78}.Release|ARM.Build.0 = Release|ARM
		{F68C6785-AD4D-4C09-A59B-FCC0B1BBDB78}.Release|ARM.Deploy.0 = Release|ARM
		{F68C6785-AD4D-4C09-A59B-FCC0B1BBDB78}.Release|x64.ActiveCfg = Release|x64
		{F68C6785-AD4D-4C09-A59B-FCC0B1BBDB78}.Release|x64.Build.0 = Release|x64
		{F68C6785-AD4D-4C09-A59B-FCC0B1BBDB78}.Release|x64.Deploy.0 = Release|x64
		{F68C6785-AD4D-4C09-A59B-FCC0B1BBDB78}.Release|x86.ActiveCfg = Release|x86
		{F68C6785-AD4D-4C09-A59B-FCC0B1BBDB78}.Release|x86.Build.0 = Release|x86
		{F68C6785-AD4D-4C09-A59B-FCC0B1BBDB78}.Release|x86.Deploy.0 = Release|x86
	EndGlobalSection
	GlobalSection(SolutionProperties) = preSolution
		HideSolutionNode = FALSE
	EndGlobalSection
EndGlobal
